
Microsoft Visual Studio Solution File, Format Version 12.00
# Visual Studio Version 16
VisualStudioVersion = 16.0.31410.357
MinimumVisualStudioVersion = 10.0.40219.1
Project("{FAE04EC0-301F-11D3-BF4B-00C04F79EFBC}") = "Pendulum", "Pendulum\Pendulum.csproj", "{7161666D-42AA-4597-867E-0FD88F5D7D02}"
EndProject
Global
	GlobalSection(SolutionConfigurationPlatforms) = preSolution
		Debug|Any CPU = Debug|Any CPU
		Release|Any CPU = Release|Any CPU
	EndGlobalSection
	GlobalSection(ProjectConfigurationPlatforms) = postSolution
		{7161666D-42AA-4597-867E-0FD88F5D7D02}.Debug|Any CPU.ActiveCfg = Debug|Any CPU
		{7161666D-42AA-4597-867E-0FD88F5D7D02}.Debug|Any CPU.Build.0 = Debug|Any CPU
		{7161666D-42AA-4597-867E-0FD88F5D7D02}.Release|Any CPU.ActiveCfg = Release|Any CPU
		{7161666D-42AA-4597-867E-0FD88F5D7D02}.Release|Any CPU.Build.0 = Release|Any CPU
	EndGlobalSection
	GlobalSection(SolutionProperties) = preSolution
		HideSolutionNode = FALSE
	EndGlobalSection
	GlobalSection(ExtensibilityGlobals) = postSolution
		SolutionGuid = {E85BC1C3-BD36-460A-B1AE-A02EDD58A60C}
	EndGlobalSection
EndGlobal
